
Microsoft Visual Studio Solution File, Format Version 12.00
# Visual Studio Version 16
VisualStudioVersion = 16.0.31005.135
MinimumVisualStudioVersion = 10.0.40219.1
Project("{FAE04EC0-301F-11D3-BF4B-00C04F79EFBC}") = "Registration_Form", "Registration_Form.csproj", "{CFBBF77D-646C-4CC7-9853-7AEBA6DC9DC0}"
EndProject
Global
	GlobalSection(SolutionConfigurationPlatforms) = preSolution
		Debug|Any CPU = Debug|Any CPU
		Release|Any CPU = Release|Any CPU
	EndGlobalSection
	GlobalSection(ProjectConfigurationPlatforms) = postSolution
		{CFBBF77D-646C-4CC7-9853-7AEBA6DC9DC0}.Debug|Any CPU.ActiveCfg = Debug|Any CPU
		{CFBBF77D-646C-4CC7-9853-7AEBA6DC9DC0}.Debug|Any CPU.Build.0 = Debug|Any CPU
		{CFBBF77D-646C-4CC7-9853-7AEBA6DC9DC0}.Release|Any CPU.ActiveCfg = Release|Any CPU
		{CFBBF77D-646C-4CC7-9853-7AEBA6DC9DC0}.Release|Any CPU.Build.0 = Release|Any CPU
	EndGlobalSection
	GlobalSection(SolutionProperties) = preSolution
		HideSolutionNode = FALSE
	EndGlobalSection
	GlobalSection(ExtensibilityGlobals) = postSolution
		SolutionGuid = {89BB266D-B682-4A36-940B-101FABA54914}
	EndGlobalSection
EndGlobal
